
Microsoft Visual Studio Solution File, Format Version 12.00
# Visual Studio Version 17
VisualStudioVersion = 17.14.37111.16 d17.14
MinimumVisualStudioVersion = 10.0.40219.1
Project("{FAE04EC0-301F-11D3-BF4B-00C04F79EFBC}") = "loops", "loops\loops.csproj", "{8FC28AC1-E38D-4763-82CA-AFC55DAE0D52}"
EndProject
Global
	GlobalSection(SolutionConfigurationPlatforms) = preSolution
		Debug|Any CPU = Debug|Any CPU
		Release|Any CPU = Release|Any CPU
	EndGlobalSection
	GlobalSection(ProjectConfigurationPlatforms) = postSolution
		{8FC28AC1-E38D-4763-82CA-AFC55DAE0D52}.Debug|Any CPU.ActiveCfg = Debug|Any CPU
		{8FC28AC1-E38D-4763-82CA-AFC55DAE0D52}.Debug|Any CPU.Build.0 = Debug|Any CPU
		{8FC28AC1-E38D-4763-82CA-AFC55DAE0D52}.Release|Any CPU.ActiveCfg = Release|Any CPU
		{8FC28AC1-E38D-4763-82CA-AFC55DAE0D52}.Release|Any CPU.Build.0 = Release|Any CPU
	EndGlobalSection
	GlobalSection(SolutionProperties) = preSolution
		HideSolutionNode = FALSE
	EndGlobalSection
	GlobalSection(ExtensibilityGlobals) = postSolution
		SolutionGuid = {8C753080-0BCC-45C8-B043-73182301CE56}
	EndGlobalSection
EndGlobal
