
Microsoft Visual Studio Solution File, Format Version 12.00
# Visual Studio Version 17
VisualStudioVersion = 17.14.37111.16 d17.14
MinimumVisualStudioVersion = 10.0.40219.1
Project("{FAE04EC0-301F-11D3-BF4B-00C04F79EFBC}") = "wordFiles", "wordFiles\wordFiles.csproj", "{8EA93DF0-8AB5-47E8-A858-6E89454DF295}"
EndProject
Global
	GlobalSection(SolutionConfigurationPlatforms) = preSolution
		Debug|Any CPU = Debug|Any CPU
		Release|Any CPU = Release|Any CPU
	EndGlobalSection
	GlobalSection(ProjectConfigurationPlatforms) = postSolution
		{8EA93DF0-8AB5-47E8-A858-6E89454DF295}.Debug|Any CPU.ActiveCfg = Debug|Any CPU
		{8EA93DF0-8AB5-47E8-A858-6E89454DF295}.Debug|Any CPU.Build.0 = Debug|Any CPU
		{8EA93DF0-8AB5-47E8-A858-6E89454DF295}.Release|Any CPU.ActiveCfg = Release|Any CPU
		{8EA93DF0-8AB5-47E8-A858-6E89454DF295}.Release|Any CPU.Build.0 = Release|Any CPU
	EndGlobalSection
	GlobalSection(SolutionProperties) = preSolution
		HideSolutionNode = FALSE
	EndGlobalSection
	GlobalSection(ExtensibilityGlobals) = postSolution
		SolutionGuid = {A885E187-2209-4CBC-92CE-1A2F806E0D8E}
	EndGlobalSection
EndGlobal
